[move]
version = 3
manifest_digest = "AE2224661BABB29D83A1D659F234B0B9F503285EA3B9C9E66E52FA8314B4C186"
deps_digest = "F8BBB0CCB2491CA29A3DF03D6F92277A4F3574266507ACD77214D37ECA3F3082"
dependencies = [
  { id = "Sui", name = "Sui" },
]

[[move.package]]
id = "MoveStdlib"
source = { git = "https://github.com/MystenLabs/sui.git", rev = "framework/testnet", subdir = "crates/sui-framework/packages/move-stdlib" }

[[move.package]]
id = "Sui"
source = { git = "https://github.com/MystenLabs/sui.git", rev = "framework/testnet", subdir = "crates/sui-framework/packages/sui-framework" }

dependencies = [
  { id = "MoveStdlib", name = "MoveStdlib" },
]

[move.toolchain-version]
compiler-version = "1.49.1"
edition = "2024"
flavor = "sui"

[env]

[env.testnet]
chain-id = "4c78adac"
original-published-id = "0x2e6a2e79a89c8399e7b8478c609b65c55b80749653313c3fe2e3a8b82a539325"
latest-published-id = "0x2e6a2e79a89c8399e7b8478c609b65c55b80749653313c3fe2e3a8b82a539325"
published-version = "1"
